{
  "name": "source",
  "version": "1.0.0",
  "lockfileVersion": 1,
  "requires": true,
  "dependencies": {
    "@vue/reactivity": {
      "version": "3.2.8",
      "resolved": "https://registry.nlark.com/@vue/reactivity/download/@vue/reactivity-3.2.8.tgz",
      "integrity": "sha1-snIAzPqgbzEqxGexKjgWE3fFV+0=",
      "requires": {
        "@vue/shared": "3.2.8"
      }
    },
    "@vue/shared": {
      "version": "3.2.8",
      "resolved": "https://registry.nlark.com/@vue/shared/download/@vue/shared-3.2.8.tgz",
      "integrity": "sha1-L5GOMwrrP1arEDHKYKWzBnJRJFc="
    }
  }
}
